// !$*UTF8*$!
{
	archiveVersion = 1;
	classes = {
	};
	objectVersion = 46;
	objects = {

/* Begin PBXBuildFile section */
		691883611DDEA7A10051DAAE /* AppDelegate.swift in Sources */ = {isa = PBXBuildFile; fileRef = 691883601DDEA7A10051DAAE /* AppDelegate.swift */; };
		691883631DDEA7A10051DAAE /* ViewController.swift in Sources */ = {isa = PBXBuildFile; fileRef = 691883621DDEA7A10051DAAE /* ViewController.swift */; };
		691883661DDEA7A10051DAAE /* Main.storyboard in Resources */ = {isa = PBXBuildFile; fileRef = 691883641DDEA7A10051DAAE /* Main.storyboard */; };
		691883681DDEA7A10051DAAE /* Assets.xcassets in Resources */ = {isa = PBXBuildFile; fileRef = 691883671DDEA7A10051DAAE /* Assets.xcassets */; };
		6918836B1DDEA7A10051DAAE /* LaunchScreen.storyboard in Resources */ = {isa = PBXBuildFile; fileRef = 691883691DDEA7A10051DAAE /* LaunchScreen.storyboard */; };
		691883721DDEA7AD0051DAAE /* AxLogger.framework in Frameworks */ = {isa = PBXBuildFile; fileRef = 69A0D2851DD598F200227353 /* AxLogger.framework */; };
		691883741DDEA8EC0051DAAE /* AxLogger.framework in Embed Frameworks */ = {isa = PBXBuildFile; fileRef = 69A0D2851DD598F200227353 /* AxLogger.framework */; settings = {ATTRIBUTES = (CodeSignOnCopy, RemoveHeadersOnCopy, ); }; };
		698A07E51DD59D73009BFFC9 /* ylog.m in Sources */ = {isa = PBXBuildFile; fileRef = 69A0D2981DD5992700227353 /* ylog.m */; };
		698A07E61DD59D78009BFFC9 /* ylog.h in Headers */ = {isa = PBXBuildFile; fileRef = 69A0D2991DD5992700227353 /* ylog.h */; settings = {ATTRIBUTES = (Public, ); }; };
		69A0D28A1DD598F200227353 /* AxLogger.h in Headers */ = {isa = PBXBuildFile; fileRef = 69A0D2881DD598F200227353 /* AxLogger.h */; settings = {ATTRIBUTES = (Public, ); }; };
		69A0D2931DD5990F00227353 /* AxEnvHelper.swift in Sources */ = {isa = PBXBuildFile; fileRef = 69A0D2901DD5990F00227353 /* AxEnvHelper.swift */; };
		69A0D2941DD5990F00227353 /* AxLogFile.swift in Sources */ = {isa = PBXBuildFile; fileRef = 69A0D2911DD5990F00227353 /* AxLogFile.swift */; };
		69A0D2951DD5990F00227353 /* AxLogger.swift in Sources */ = {isa = PBXBuildFile; fileRef = 69A0D2921DD5990F00227353 /* AxLogger.swift */; };
		69A0D2971DD5991D00227353 /* Reachability.swift in Sources */ = {isa = PBXBuildFile; fileRef = 69A0D2961DD5991D00227353 /* Reachability.swift */; };
		69A0D2C31DD59CC000227353 /* String+file.swift in Sources */ = {isa = PBXBuildFile; fileRef = 69A0D2C21DD59CC000227353 /* String+file.swift */; };
/* End PBXBuildFile section */

/* Begin PBXContainerItemProxy section */
		691883701DDEA7A90051DAAE /* PBXContainerItemProxy */ = {
			isa = PBXContainerItemProxy;
			containerPortal = 69A0D27C1DD598F200227353 /* Project object */;
			proxyType = 1;
			remoteGlobalIDString = 69A0D2841DD598F200227353;
			remoteInfo = AxLogger;
		};
/* End PBXContainerItemProxy section */

/* Begin PBXCopyFilesBuildPhase section */
		691883751DDEA8EC0051DAAE /* Embed Frameworks */ = {
			isa = PBXCopyFilesBuildPhase;
			buildActionMask = 2147483647;
			dstPath = "";
			dstSubfolderSpec = 10;
			files = (
				691883741DDEA8EC0051DAAE /* AxLogger.framework in Embed Frameworks */,
			);
			name = "Embed Frameworks";
			runOnlyForDeploymentPostprocessing = 0;
		};
/* End PBXCopyFilesBuildPhase section */

/* Begin PBXFileReference section */
		6918835E1DDEA7A00051DAAE /* AxLoggerDemo.app */ = {isa = PBXFileReference; explicitFileType = wrapper.application; includeInIndex = 0; path = AxLoggerDemo.app; sourceTree = BUILT_PRODUCTS_DIR; };
		691883601DDEA7A10051DAAE /* AppDelegate.swift */ = {isa = PBXFileReference; lastKnownFileType = sourcecode.swift; path = AppDelegate.swift; sourceTree = "<group>"; };
		691883621DDEA7A10051DAAE /* ViewController.swift */ = {isa = PBXFileReference; lastKnownFileType = sourcecode.swift; path = ViewController.swift; sourceTree = "<group>"; };
		691883651DDEA7A10051DAAE /* Base */ = {isa = PBXFileReference; lastKnownFileType = file.storyboard; name = Base; path = Base.lproj/Main.storyboard; sourceTree = "<group>"; };
		691883671DDEA7A10051DAAE /* Assets.xcassets */ = {isa = PBXFileReference; lastKnownFileType = folder.assetcatalog; path = Assets.xcassets; sourceTree = "<group>"; };
		6918836A1DDEA7A10051DAAE /* Base */ = {isa = PBXFileReference; lastKnownFileType = file.storyboard; name = Base; path = Base.lproj/LaunchScreen.storyboard; sourceTree = "<group>"; };
		6918836C1DDEA7A10051DAAE /* Info.plist */ = {isa = PBXFileReference; lastKnownFileType = text.plist.xml; path = Info.plist; sourceTree = "<group>"; };
		69A0D2851DD598F200227353 /* AxLogger.framework */ = {isa = PBXFileReference; explicitFileType = wrapper.framework; includeInIndex = 0; path = AxLogger.framework; sourceTree = BUILT_PRODUCTS_DIR; };
		69A0D2881DD598F200227353 /* AxLogger.h */ = {isa = PBXFileReference; lastKnownFileType = sourcecode.c.h; path = AxLogger.h; sourceTree = "<group>"; };
		69A0D2891DD598F200227353 /* Info.plist */ = {isa = PBXFileReference; lastKnownFileType = text.plist.xml; path = Info.plist; sourceTree = "<group>"; };
		69A0D2901DD5990F00227353 /* AxEnvHelper.swift */ = {isa = PBXFileReference; fileEncoding = 4; lastKnownFileType = sourcecode.swift; path = AxEnvHelper.swift; sourceTree = "<group>"; };
		69A0D2911DD5990F00227353 /* AxLogFile.swift */ = {isa = PBXFileReference; fileEncoding = 4; lastKnownFileType = sourcecode.swift; path = AxLogFile.swift; sourceTree = "<group>"; };
		69A0D2921DD5990F00227353 /* AxLogger.swift */ = {isa = PBXFileReference; fileEncoding = 4; lastKnownFileType = sourcecode.swift; path = AxLogger.swift; sourceTree = "<group>"; };
		69A0D2961DD5991D00227353 /* Reachability.swift */ = {isa = PBXFileReference; fileEncoding = 4; lastKnownFileType = sourcecode.swift; path = Reachability.swift; sourceTree = "<group>"; };
		69A0D2981DD5992700227353 /* ylog.m */ = {isa = PBXFileReference; fileEncoding = 4; lastKnownFileType = sourcecode.c.objc; path = ylog.m; sourceTree = "<group>"; };
		69A0D2991DD5992700227353 /* ylog.h */ = {isa = PBXFileReference; fileEncoding = 4; lastKnownFileType = sourcecode.c.h; path = ylog.h; sourceTree = "<group>"; };
		69A0D2C21DD59CC000227353 /* String+file.swift */ = {isa = PBXFileReference; fileEncoding = 4; lastKnownFileType = sourcecode.swift; path = "String+file.swift"; sourceTree = "<group>"; };
		69B9546E1DDF6FBD006AF669 /* AxLogger.h */ = {isa = PBXFileReference; lastKnownFileType = sourcecode.c.h; path = AxLogger.h; sourceTree = "<group>"; };
		69B9546F1DDF6FBD006AF669 /* Info.plist */ = {isa = PBXFileReference; lastKnownFileType = text.plist.xml; path = Info.plist; sourceTree = "<group>"; };
/* End PBXFileReference section */

/* Begin PBXFrameworksBuildPhase section */
		6918835B1DDEA7A00051DAAE /* Frameworks */ = {
			isa = PBXFrameworksBuildPhase;
			buildActionMask = 2147483647;
			files = (
				691883721DDEA7AD0051DAAE /* AxLogger.framework in Frameworks */,
			);
			runOnlyForDeploymentPostprocessing = 0;
		};
		69A0D2811DD598F200227353 /* Frameworks */ = {
			isa = PBXFrameworksBuildPhase;
			buildActionMask = 2147483647;
			files = (
			);
			runOnlyForDeploymentPostprocessing = 0;
		};
/* End PBXFrameworksBuildPhase section */

/* Begin PBXGroup section */
		6918835F1DDEA7A10051DAAE /* AxLoggerDemo */ = {
			isa = PBXGroup;
			children = (
				691883601DDEA7A10051DAAE /* AppDelegate.swift */,
				691883621DDEA7A10051DAAE /* ViewController.swift */,
				691883641DDEA7A10051DAAE /* Main.storyboard */,
				691883671DDEA7A10051DAAE /* Assets.xcassets */,
				691883691DDEA7A10051DAAE /* LaunchScreen.storyboard */,
				6918836C1DDEA7A10051DAAE /* Info.plist */,
			);
			path = AxLoggerDemo;
			sourceTree = "<group>";
		};
		69A0D27B1DD598F200227353 = {
			isa = PBXGroup;
			children = (
				69A0D2871DD598F200227353 /* AxLogger */,
				6918835F1DDEA7A10051DAAE /* AxLoggerDemo */,
				69B9546D1DDF6FBD006AF669 /* AxLoggerOSX */,
				69A0D2861DD598F200227353 /* Products */,
			);
			sourceTree = "<group>";
		};
		69A0D2861DD598F200227353 /* Products */ = {
			isa = PBXGroup;
			children = (
				69A0D2851DD598F200227353 /* AxLogger.framework */,
				6918835E1DDEA7A00051DAAE /* AxLoggerDemo.app */,
			);
			name = Products;
			sourceTree = "<group>";
		};
		69A0D2871DD598F200227353 /* AxLogger */ = {
			isa = PBXGroup;
			children = (
				69A0D2C21DD59CC000227353 /* String+file.swift */,
				69A0D2981DD5992700227353 /* ylog.m */,
				69A0D2991DD5992700227353 /* ylog.h */,
				69A0D2961DD5991D00227353 /* Reachability.swift */,
				69A0D2901DD5990F00227353 /* AxEnvHelper.swift */,
				69A0D2911DD5990F00227353 /* AxLogFile.swift */,
				69A0D2921DD5990F00227353 /* AxLogger.swift */,
				69A0D2881DD598F200227353 /* AxLogger.h */,
				69A0D2891DD598F200227353 /* Info.plist */,
			);
			path = AxLogger;
			sourceTree = "<group>";
		};
		69B9546D1DDF6FBD006AF669 /* AxLoggerOSX */ = {
			isa = PBXGroup;
			children = (
				69B9546E1DDF6FBD006AF669 /* AxLogger.h */,
				69B9546F1DDF6FBD006AF669 /* Info.plist */,
			);
			path = AxLoggerOSX;
			sourceTree = "<group>";
		};
/* End PBXGroup section */

/* Begin PBXHeadersBuildPhase section */
		69A0D2821DD598F200227353 /* Headers */ = {
			isa = PBXHeadersBuildPhase;
			buildActionMask = 2147483647;
			files = (
				69A0D28A1DD598F200227353 /* AxLogger.h in Headers */,
				698A07E61DD59D78009BFFC9 /* ylog.h in Headers */,
			);
			runOnlyForDeploymentPostprocessing = 0;
		};
/* End PBXHeadersBuildPhase section */

/* Begin PBXNativeTarget section */
		6918835D1DDEA7A00051DAAE /* AxLoggerDemo */ = {
			isa = PBXNativeTarget;
			buildConfigurationList = 6918836F1DDEA7A10051DAAE /* Build configuration list for PBXNativeTarget "AxLoggerDemo" */;
			buildPhases = (
				6918835A1DDEA7A00051DAAE /* Sources */,
				6918835B1DDEA7A00051DAAE /* Frameworks */,
				6918835C1DDEA7A00051DAAE /* Resources */,
				691883751DDEA8EC0051DAAE /* Embed Frameworks */,
			);
			buildRules = (
			);
			dependencies = (
				691883711DDEA7A90051DAAE /* PBXTargetDependency */,
			);
			name = AxLoggerDemo;
			productName = AxLoggerDemo;
			productReference = 6918835E1DDEA7A00051DAAE /* AxLoggerDemo.app */;
			productType = "com.apple.product-type.application";
		};
		69A0D2841DD598F200227353 /* AxLogger */ = {
			isa = PBXNativeTarget;
			buildConfigurationList = 69A0D28D1DD598F200227353 /* Build configuration list for PBXNativeTarget "AxLogger" */;
			buildPhases = (
				69A0D2801DD598F200227353 /* Sources */,
				69A0D2811DD598F200227353 /* Frameworks */,
				69A0D2821DD598F200227353 /* Headers */,
				69A0D2831DD598F200227353 /* Resources */,
			);
			buildRules = (
			);
			dependencies = (
			);
			name = AxLogger;
			productName = AxLogger;
			productReference = 69A0D2851DD598F200227353 /* AxLogger.framework */;
			productType = "com.apple.product-type.framework";
		};
/* End PBXNativeTarget section */

/* Begin PBXProject section */
		69A0D27C1DD598F200227353 /* Project object */ = {
			isa = PBXProject;
			attributes = {
				LastSwiftUpdateCheck = 0820;
				LastUpgradeCheck = 1020;
				ORGANIZATIONNAME = "Kong XiangBo";
				TargetAttributes = {
					6918835D1DDEA7A00051DAAE = {
						CreatedOnToolsVersion = 8.2;
						DevelopmentTeam = 73QYWNHB5F;
						LastSwiftMigration = 1020;
						ProvisioningStyle = Automatic;
					};
					69A0D2841DD598F200227353 = {
						CreatedOnToolsVersion = 8.2;
						LastSwiftMigration = 1020;
						ProvisioningStyle = Manual;
					};
				};
			};
			buildConfigurationList = 69A0D27F1DD598F200227353 /* Build configuration list for PBXProject "AxLogger" */;
			compatibilityVersion = "Xcode 3.2";
			developmentRegion = English;
			hasScannedForEncodings = 0;
			knownRegions = (
				English,
				en,
				Base,
				"zh-Hans",
			);
			mainGroup = 69A0D27B1DD598F200227353;
			productRefGroup = 69A0D2861DD598F200227353 /* Products */;
			projectDirPath = "";
			projectRoot = "";
			targets = (
				69A0D2841DD598F200227353 /* AxLogger */,
				6918835D1DDEA7A00051DAAE /* AxLoggerDemo */,
			);
		};
/* End PBXProject section */

/* Begin PBXResourcesBuildPhase section */
		6918835C1DDEA7A00051DAAE /* Resources */ = {
			isa = PBXResourcesBuildPhase;
			buildActionMask = 2147483647;
			files = (
				6918836B1DDEA7A10051DAAE /* LaunchScreen.storyboard in Resources */,
				691883681DDEA7A10051DAAE /* Assets.xcassets in Resources */,
				691883661DDEA7A10051DAAE /* Main.storyboard in Resources */,
			);
			runOnlyForDeploymentPostprocessing = 0;
		};
		69A0D2831DD598F200227353 /* Resources */ = {
			isa = PBXResourcesBuildPhase;
			buildActionMask = 2147483647;
			files = (
			);
			runOnlyForDeploymentPostprocessing = 0;
		};
/* End PBXResourcesBuildPhase section */

/* Begin PBXSourcesBuildPhase section */
		6918835A1DDEA7A00051DAAE /* Sources */ = {
			isa = PBXSourcesBuildPhase;
			buildActionMask = 2147483647;
			files = (
				691883631DDEA7A10051DAAE /* ViewController.swift in Sources */,
				691883611DDEA7A10051DAAE /* AppDelegate.swift in Sources */,
			);
			runOnlyForDeploymentPostprocessing = 0;
		};
		69A0D2801DD598F200227353 /* Sources */ = {
			isa = PBXSourcesBuildPhase;
			buildActionMask = 2147483647;
			files = (
				698A07E51DD59D73009BFFC9 /* ylog.m in Sources */,
				69A0D2951DD5990F00227353 /* AxLogger.swift in Sources */,
				69A0D2931DD5990F00227353 /* AxEnvHelper.swift in Sources */,
				69A0D2971DD5991D00227353 /* Reachability.swift in Sources */,
				69A0D2C31DD59CC000227353 /* String+file.swift in Sources */,
				69A0D2941DD5990F00227353 /* AxLogFile.swift in Sources */,
			);
			runOnlyForDeploymentPostprocessing = 0;
		};
/* End PBXSourcesBuildPhase section */

/* Begin PBXTargetDependency section */
		691883711DDEA7A90051DAAE /* PBXTargetDependency */ = {
			isa = PBXTargetDependency;
			target = 69A0D2841DD598F200227353 /* AxLogger */;
			targetProxy = 691883701DDEA7A90051DAAE /* PBXContainerItemProxy */;
		};
/* End PBXTargetDependency section */

/* Begin PBXVariantGroup section */
		691883641DDEA7A10051DAAE /* Main.storyboard */ = {
			isa = PBXVariantGroup;
			children = (
				691883651DDEA7A10051DAAE /* Base */,
			);
			name = Main.storyboard;
			sourceTree = "<group>";
		};
		691883691DDEA7A10051DAAE /* LaunchScreen.storyboard */ = {
			isa = PBXVariantGroup;
			children = (
				6918836A1DDEA7A10051DAAE /* Base */,
			);
			name = LaunchScreen.storyboard;
			sourceTree = "<group>";
		};
/* End PBXVariantGroup section */

/* Begin XCBuildConfiguration section */
		6918836D1DDEA7A10051DAAE /* Debug */ = {
			isa = XCBuildConfiguration;
			buildSettings = {
				ALWAYS_EMBED_SWIFT_STANDARD_LIBRARIES = YES;
				ASSETCATALOG_COMPILER_APPICON_NAME = AppIcon;
				DEVELOPMENT_TEAM = 73QYWNHB5F;
				INFOPLIST_FILE = AxLoggerDemo/Info.plist;
				LD_RUNPATH_SEARCH_PATHS = "$(inherited) @executable_path/Frameworks";
				PRODUCT_BUNDLE_IDENTIFIER = lojii.AxLoggerDemo;
				PRODUCT_NAME = "$(TARGET_NAME)";
				SWIFT_VERSION = 5.0;
			};
			name = Debug;
		};
		6918836E1DDEA7A10051DAAE /* Release */ = {
			isa = XCBuildConfiguration;
			buildSettings = {
				ALWAYS_EMBED_SWIFT_STANDARD_LIBRARIES = YES;
				ASSETCATALOG_COMPILER_APPICON_NAME = AppIcon;
				DEVELOPMENT_TEAM = 73QYWNHB5F;
				INFOPLIST_FILE = AxLoggerDemo/Info.plist;
				LD_RUNPATH_SEARCH_PATHS = "$(inherited) @executable_path/Frameworks";
				PRODUCT_BUNDLE_IDENTIFIER = lojii.AxLoggerDemo;
				PRODUCT_NAME = "$(TARGET_NAME)";
				SWIFT_VERSION = 5.0;
			};
			name = Release;
		};
		69A0D28B1DD598F200227353 /* Debug */ = {
			isa = XCBuildConfiguration;
			buildSettings = {
				ALWAYS_SEARCH_USER_PATHS = NO;
				CLANG_ANALYZER_NONNULL = YES;
				CLANG_CXX_LANGUAGE_STANDARD = "gnu++0x";
				CLANG_CXX_LIBRARY = "libc++";
				CLANG_ENABLE_MODULES = YES;
				CLANG_ENABLE_OBJC_ARC = YES;
				CLANG_WARN_BLOCK_CAPTURE_AUTORELEASING = YES;
				CLANG_WARN_BOOL_CONVERSION = YES;
				CLANG_WARN_COMMA = YES;
				CLANG_WARN_CONSTANT_CONVERSION = YES;
				CLANG_WARN_DEPRECATED_OBJC_IMPLEMENTATIONS = YES;
				CLANG_WARN_DIRECT_OBJC_ISA_USAGE = YES_ERROR;
				CLANG_WARN_DOCUMENTATION_COMMENTS = YES;
				CLANG_WARN_EMPTY_BODY = YES;
				CLANG_WARN_ENUM_CONVERSION = YES;
				CLANG_WARN_INFINITE_RECURSION = YES;
				CLANG_WARN_INT_CONVERSION = YES;
				CLANG_WARN_NON_LITERAL_NULL_CONVERSION = YES;
				CLANG_WARN_OBJC_IMPLICIT_RETAIN_SELF = YES;
				CLANG_WARN_OBJC_LITERAL_CONVERSION = YES;
				CLANG_WARN_OBJC_ROOT_CLASS = YES_ERROR;
				CLANG_WARN_RANGE_LOOP_ANALYSIS = YES;
				CLANG_WARN_STRICT_PROTOTYPES = YES;
				CLANG_WARN_SUSPICIOUS_MOVE = YES;
				CLANG_WARN_UNREACHABLE_CODE = YES;
				CLANG_WARN__DUPLICATE_METHOD_MATCH = YES;
				"CODE_SIGN_IDENTITY[sdk=iphoneos*]" = "iPhone Developer";
				COPY_PHASE_STRIP = NO;
				CURRENT_PROJECT_VERSION = 1;
				DEBUG_INFORMATION_FORMAT = dwarf;
				ENABLE_STRICT_OBJC_MSGSEND = YES;
				ENABLE_TESTABILITY = YES;
				GCC_C_LANGUAGE_STANDARD = gnu99;
				GCC_DYNAMIC_NO_PIC = NO;
				GCC_NO_COMMON_BLOCKS = YES;
				GCC_OPTIMIZATION_LEVEL = 0;
				GCC_PREPROCESSOR_DEFINITIONS = (
					"DEBUG=1",
					"$(inherited)",
				);
				GCC_WARN_64_TO_32_BIT_CONVERSION = YES;
				GCC_WARN_ABOUT_RETURN_TYPE = YES_ERROR;
				GCC_WARN_UNDECLARED_SELECTOR = YES;
				GCC_WARN_UNINITIALIZED_AUTOS = YES_AGGRESSIVE;
				GCC_WARN_UNUSED_FUNCTION = YES;
				GCC_WARN_UNUSED_VARIABLE = YES;
				IPHONEOS_DEPLOYMENT_TARGET = 10.2;
				MTL_ENABLE_DEBUG_INFO = YES;
				ONLY_ACTIVE_ARCH = YES;
				SDKROOT = iphoneos;
				SWIFT_ACTIVE_COMPILATION_CONDITIONS = DEBUG;
				SWIFT_OPTIMIZATION_LEVEL = "-Onone";
				TARGETED_DEVICE_FAMILY = "1,2";
				VERSIONING_SYSTEM = "apple-generic";
				VERSION_INFO_PREFIX = "";
			};
			name = Debug;
		};
		69A0D28C1DD598F200227353 /* Release */ = {
			isa = XCBuildConfiguration;
			buildSettings = {
				ALWAYS_SEARCH_USER_PATHS = NO;
				CLANG_ANALYZER_NONNULL = YES;
				CLANG_CXX_LANGUAGE_STANDARD = "gnu++0x";
				CLANG_CXX_LIBRARY = "libc++";
				CLANG_ENABLE_MODULES = YES;
				CLANG_ENABLE_OBJC_ARC = YES;
				CLANG_WARN_BLOCK_CAPTURE_AUTORELEASING = YES;
				CLANG_WARN_BOOL_CONVERSION = YES;
				CLANG_WARN_COMMA = YES;
				CLANG_WARN_CONSTANT_CONVERSION = YES;
				CLANG_WARN_DEPRECATED_OBJC_IMPLEMENTATIONS = YES;
				CLANG_WARN_DIRECT_OBJC_ISA_USAGE = YES_ERROR;
				CLANG_WARN_DOCUMENTATION_COMMENTS = YES;
				CLANG_WARN_EMPTY_BODY = YES;
				CLANG_WARN_ENUM_CONVERSION = YES;
				CLANG_WARN_INFINITE_RECURSION = YES;
				CLANG_WARN_INT_CONVERSION = YES;
				CLANG_WARN_NON_LITERAL_NULL_CONVERSION = YES;
				CLANG_WARN_OBJC_IMPLICIT_RETAIN_SELF = YES;
				CLANG_WARN_OBJC_LITERAL_CONVERSION = YES;
				CLANG_WARN_OBJC_ROOT_CLASS = YES_ERROR;
				CLANG_WARN_RANGE_LOOP_ANALYSIS = YES;
				CLANG_WARN_STRICT_PROTOTYPES = YES;
				CLANG_WARN_SUSPICIOUS_MOVE = YES;
				CLANG_WARN_UNREACHABLE_CODE = YES;
				CLANG_WARN__DUPLICATE_METHOD_MATCH = YES;
				"CODE_SIGN_IDENTITY[sdk=iphoneos*]" = "iPhone Developer";
				COPY_PHASE_STRIP = NO;
				CURRENT_PROJECT_VERSION = 1;
				DEBUG_INFORMATION_FORMAT = "dwarf-with-dsym";
				ENABLE_NS_ASSERTIONS = NO;
				ENABLE_STRICT_OBJC_MSGSEND = YES;
				GCC_C_LANGUAGE_STANDARD = gnu99;
				GCC_NO_COMMON_BLOCKS = YES;
				GCC_WARN_64_TO_32_BIT_CONVERSION = YES;
				GCC_WARN_ABOUT_RETURN_TYPE = YES_ERROR;
				GCC_WARN_UNDECLARED_SELECTOR = YES;
				GCC_WARN_UNINITIALIZED_AUTOS = YES_AGGRESSIVE;
				GCC_WARN_UNUSED_FUNCTION = YES;
				GCC_WARN_UNUSED_VARIABLE = YES;
				IPHONEOS_DEPLOYMENT_TARGET = 10.2;
				MTL_ENABLE_DEBUG_INFO = NO;
				SDKROOT = iphoneos;
				SWIFT_OPTIMIZATION_LEVEL = "-Owholemodule";
				TARGETED_DEVICE_FAMILY = "1,2";
				VALIDATE_PRODUCT = YES;
				VERSIONING_SYSTEM = "apple-generic";
				VERSION_INFO_PREFIX = "";
			};
			name = Release;
		};
		69A0D28E1DD598F200227353 /* Debug */ = {
			isa = XCBuildConfiguration;
			buildSettings = {
				APPLICATION_EXTENSION_API_ONLY = YES;
				CLANG_ENABLE_MODULES = YES;
				CODE_SIGN_IDENTITY = "";
				CODE_SIGN_STYLE = Manual;
				DEFINES_MODULE = YES;
				DEVELOPMENT_TEAM = "";
				DYLIB_COMPATIBILITY_VERSION = 1;
				DYLIB_CURRENT_VERSION = 1;
				DYLIB_INSTALL_NAME_BASE = "@rpath";
				INFOPLIST_FILE = AxLogger/Info.plist;
				INSTALL_PATH = "$(LOCAL_LIBRARY_DIR)/Frameworks";
				IPHONEOS_DEPLOYMENT_TARGET = 9.0;
				LD_RUNPATH_SEARCH_PATHS = "$(inherited) @executable_path/Frameworks @loader_path/Frameworks";
				PRODUCT_BUNDLE_IDENTIFIER = com.yarshure.ios.AxLogger;
				PRODUCT_NAME = "$(TARGET_NAME)";
				PROVISIONING_PROFILE_SPECIFIER = "";
				SKIP_INSTALL = YES;
				SWIFT_OBJC_BRIDGING_HEADER = "";
				SWIFT_OPTIMIZATION_LEVEL = "-Onone";
				SWIFT_VERSION = 5.0;
			};
			name = Debug;
		};
		69A0D28F1DD598F200227353 /* Release */ = {
			isa = XCBuildConfiguration;
			buildSettings = {
				APPLICATION_EXTENSION_API_ONLY = YES;
				CLANG_ENABLE_MODULES = YES;
				CODE_SIGN_IDENTITY = "";
				CODE_SIGN_STYLE = Manual;
				DEFINES_MODULE = YES;
				DEVELOPMENT_TEAM = "";
				DYLIB_COMPATIBILITY_VERSION = 1;
				DYLIB_CURRENT_VERSION = 1;
				DYLIB_INSTALL_NAME_BASE = "@rpath";
				INFOPLIST_FILE = AxLogger/Info.plist;
				INSTALL_PATH = "$(LOCAL_LIBRARY_DIR)/Frameworks";
				IPHONEOS_DEPLOYMENT_TARGET = 9.0;
				LD_RUNPATH_SEARCH_PATHS = "$(inherited) @executable_path/Frameworks @loader_path/Frameworks";
				PRODUCT_BUNDLE_IDENTIFIER = com.yarshure.ios.AxLogger;
				PRODUCT_NAME = "$(TARGET_NAME)";
				PROVISIONING_PROFILE_SPECIFIER = "";
				SKIP_INSTALL = YES;
				SWIFT_OBJC_BRIDGING_HEADER = "";
				SWIFT_VERSION = 5.0;
			};
			name = Release;
		};
/* End XCBuildConfiguration section */

/* Begin XCConfigurationList section */
		6918836F1DDEA7A10051DAAE /* Build configuration list for PBXNativeTarget "AxLoggerDemo" */ = {
			isa = XCConfigurationList;
			buildConfigurations = (
				6918836D1DDEA7A10051DAAE /* Debug */,
				6918836E1DDEA7A10051DAAE /* Release */,
			);
			defaultConfigurationIsVisible = 0;
			defaultConfigurationName = Release;
		};
		69A0D27F1DD598F200227353 /* Build configuration list for PBXProject "AxLogger" */ = {
			isa = XCConfigurationList;
			buildConfigurations = (
				69A0D28B1DD598F200227353 /* Debug */,
				69A0D28C1DD598F200227353 /* Release */,
			);
			defaultConfigurationIsVisible = 0;
			defaultConfigurationName = Release;
		};
		69A0D28D1DD598F200227353 /* Build configuration list for PBXNativeTarget "AxLogger" */ = {
			isa = XCConfigurationList;
			buildConfigurations = (
				69A0D28E1DD598F200227353 /* Debug */,
				69A0D28F1DD598F200227353 /* Release */,
			);
			defaultConfigurationIsVisible = 0;
			defaultConfigurationName = Release;
		};
/* End XCConfigurationList section */
	};
	rootObject = 69A0D27C1DD598F200227353 /* Project object */;
}
