// !$*UTF8*$!
{
	archiveVersion = 1;
	classes = {
	};
	objectVersion = 50;
	objects = {

/* Begin PBXBuildFile section */
		565CB886238BE9AA00CF0A3A /* HTTPDecoder.swift in Sources */ = {isa = PBXBuildFile; fileRef = 565CB87D238BE9A900CF0A3A /* HTTPDecoder.swift */; };
		565CB887238BE9AA00CF0A3A /* HTTPEncoder.swift in Sources */ = {isa = PBXBuildFile; fileRef = 565CB87E238BE9AA00CF0A3A /* HTTPEncoder.swift */; };
		565CB888238BE9AA00CF0A3A /* HTTPPipelineSetup.swift in Sources */ = {isa = PBXBuildFile; fileRef = 565CB87F238BE9AA00CF0A3A /* HTTPPipelineSetup.swift */; };
		565CB889238BE9AA00CF0A3A /* HTTPServerUpgradeHandler.swift in Sources */ = {isa = PBXBuildFile; fileRef = 565CB880238BE9AA00CF0A3A /* HTTPServerUpgradeHandler.swift */; };
		565CB88A238BE9AA00CF0A3A /* HTTPTypes.swift in Sources */ = {isa = PBXBuildFile; fileRef = 565CB881238BE9AA00CF0A3A /* HTTPTypes.swift */; };
		565CB88B238BE9AA00CF0A3A /* NIOHTTPClientUpgradeHandler.swift in Sources */ = {isa = PBXBuildFile; fileRef = 565CB882238BE9AA00CF0A3A /* NIOHTTPClientUpgradeHandler.swift */; };
		565CB88C238BE9AA00CF0A3A /* HTTPServerPipelineHandler.swift in Sources */ = {isa = PBXBuildFile; fileRef = 565CB883238BE9AA00CF0A3A /* HTTPServerPipelineHandler.swift */; };
		565CB88D238BE9AA00CF0A3A /* ByteCollectionUtils.swift in Sources */ = {isa = PBXBuildFile; fileRef = 565CB884238BE9AA00CF0A3A /* ByteCollectionUtils.swift */; };
		565CB88E238BE9AA00CF0A3A /* HTTPServerProtocolErrorHandler.swift in Sources */ = {isa = PBXBuildFile; fileRef = 565CB885238BE9AA00CF0A3A /* HTTPServerProtocolErrorHandler.swift */; };
		565CB8B8238BEA1C00CF0A3A /* NIO.framework in Frameworks */ = {isa = PBXBuildFile; fileRef = 565CB8B7238BEA1C00CF0A3A /* NIO.framework */; };
		565CB8B9238BEA1C00CF0A3A /* NIO.framework in Embed Frameworks */ = {isa = PBXBuildFile; fileRef = 565CB8B7238BEA1C00CF0A3A /* NIO.framework */; settings = {ATTRIBUTES = (CodeSignOnCopy, RemoveHeadersOnCopy, ); }; };
		565CB8BC238BEA2300CF0A3A /* CNIOHTTPParser.framework in Frameworks */ = {isa = PBXBuildFile; fileRef = 565CB8BB238BEA2300CF0A3A /* CNIOHTTPParser.framework */; };
		565CB8BD238BEA2300CF0A3A /* CNIOHTTPParser.framework in Embed Frameworks */ = {isa = PBXBuildFile; fileRef = 565CB8BB238BEA2300CF0A3A /* CNIOHTTPParser.framework */; settings = {ATTRIBUTES = (CodeSignOnCopy, RemoveHeadersOnCopy, ); }; };
/* End PBXBuildFile section */

/* Begin PBXCopyFilesBuildPhase section */
		565CB8BA238BEA1C00CF0A3A /* Embed Frameworks */ = {
			isa = PBXCopyFilesBuildPhase;
			buildActionMask = 2147483647;
			dstPath = "";
			dstSubfolderSpec = 10;
			files = (
				565CB8BD238BEA2300CF0A3A /* CNIOHTTPParser.framework in Embed Frameworks */,
				565CB8B9238BEA1C00CF0A3A /* NIO.framework in Embed Frameworks */,
			);
			name = "Embed Frameworks";
			runOnlyForDeploymentPostprocessing = 0;
		};
/* End PBXCopyFilesBuildPhase section */

/* Begin PBXFileReference section */
		565CB872238BE99D00CF0A3A /* NIOHTTP1.framework */ = {isa = PBXFileReference; explicitFileType = wrapper.framework; includeInIndex = 0; path = NIOHTTP1.framework; sourceTree = BUILT_PRODUCTS_DIR; };
		565CB876238BE99D00CF0A3A /* Info.plist */ = {isa = PBXFileReference; lastKnownFileType = text.plist.xml; path = Info.plist; sourceTree = "<group>"; };
		565CB87D238BE9A900CF0A3A /* HTTPDecoder.swift */ = {isa = PBXFileReference; fileEncoding = 4; lastKnownFileType = sourcecode.swift; path = HTTPDecoder.swift; sourceTree = "<group>"; };
		565CB87E238BE9AA00CF0A3A /* HTTPEncoder.swift */ = {isa = PBXFileReference; fileEncoding = 4; lastKnownFileType = sourcecode.swift; path = HTTPEncoder.swift; sourceTree = "<group>"; };
		565CB87F238BE9AA00CF0A3A /* HTTPPipelineSetup.swift */ = {isa = PBXFileReference; fileEncoding = 4; lastKnownFileType = sourcecode.swift; path = HTTPPipelineSetup.swift; sourceTree = "<group>"; };
		565CB880238BE9AA00CF0A3A /* HTTPServerUpgradeHandler.swift */ = {isa = PBXFileReference; fileEncoding = 4; lastKnownFileType = sourcecode.swift; path = HTTPServerUpgradeHandler.swift; sourceTree = "<group>"; };
		565CB881238BE9AA00CF0A3A /* HTTPTypes.swift */ = {isa = PBXFileReference; fileEncoding = 4; lastKnownFileType = sourcecode.swift; path = HTTPTypes.swift; sourceTree = "<group>"; };
		565CB882238BE9AA00CF0A3A /* NIOHTTPClientUpgradeHandler.swift */ = {isa = PBXFileReference; fileEncoding = 4; lastKnownFileType = sourcecode.swift; path = NIOHTTPClientUpgradeHandler.swift; sourceTree = "<group>"; };
		565CB883238BE9AA00CF0A3A /* HTTPServerPipelineHandler.swift */ = {isa = PBXFileReference; fileEncoding = 4; lastKnownFileType = sourcecode.swift; path = HTTPServerPipelineHandler.swift; sourceTree = "<group>"; };
		565CB884238BE9AA00CF0A3A /* ByteCollectionUtils.swift */ = {isa = PBXFileReference; fileEncoding = 4; lastKnownFileType = sourcecode.swift; path = ByteCollectionUtils.swift; sourceTree = "<group>"; };
		565CB885238BE9AA00CF0A3A /* HTTPServerProtocolErrorHandler.swift */ = {isa = PBXFileReference; fileEncoding = 4; lastKnownFileType = sourcecode.swift; path = HTTPServerProtocolErrorHandler.swift; sourceTree = "<group>"; };
		565CB8B7238BEA1C00CF0A3A /* NIO.framework */ = {isa = PBXFileReference; explicitFileType = wrapper.framework; path = NIO.framework; sourceTree = BUILT_PRODUCTS_DIR; };
		565CB8BB238BEA2300CF0A3A /* CNIOHTTPParser.framework */ = {isa = PBXFileReference; explicitFileType = wrapper.framework; path = CNIOHTTPParser.framework; sourceTree = BUILT_PRODUCTS_DIR; };
/* End PBXFileReference section */

/* Begin PBXFrameworksBuildPhase section */
		565CB86F238BE99D00CF0A3A /* Frameworks */ = {
			isa = PBXFrameworksBuildPhase;
			buildActionMask = 2147483647;
			files = (
				565CB8BC238BEA2300CF0A3A /* CNIOHTTPParser.framework in Frameworks */,
				565CB8B8238BEA1C00CF0A3A /* NIO.framework in Frameworks */,
			);
			runOnlyForDeploymentPostprocessing = 0;
		};
/* End PBXFrameworksBuildPhase section */

/* Begin PBXGroup section */
		565CB868238BE99D00CF0A3A = {
			isa = PBXGroup;
			children = (
				565CB874238BE99D00CF0A3A /* NIOHTTP1 */,
				565CB873238BE99D00CF0A3A /* Products */,
				565CB8B6238BEA1C00CF0A3A /* Frameworks */,
			);
			sourceTree = "<group>";
		};
		565CB873238BE99D00CF0A3A /* Products */ = {
			isa = PBXGroup;
			children = (
				565CB872238BE99D00CF0A3A /* NIOHTTP1.framework */,
			);
			name = Products;
			sourceTree = "<group>";
		};
		565CB874238BE99D00CF0A3A /* NIOHTTP1 */ = {
			isa = PBXGroup;
			children = (
				565CB884238BE9AA00CF0A3A /* ByteCollectionUtils.swift */,
				565CB87D238BE9A900CF0A3A /* HTTPDecoder.swift */,
				565CB87E238BE9AA00CF0A3A /* HTTPEncoder.swift */,
				565CB87F238BE9AA00CF0A3A /* HTTPPipelineSetup.swift */,
				565CB883238BE9AA00CF0A3A /* HTTPServerPipelineHandler.swift */,
				565CB885238BE9AA00CF0A3A /* HTTPServerProtocolErrorHandler.swift */,
				565CB880238BE9AA00CF0A3A /* HTTPServerUpgradeHandler.swift */,
				565CB881238BE9AA00CF0A3A /* HTTPTypes.swift */,
				565CB882238BE9AA00CF0A3A /* NIOHTTPClientUpgradeHandler.swift */,
				565CB876238BE99D00CF0A3A /* Info.plist */,
			);
			path = NIOHTTP1;
			sourceTree = "<group>";
		};
		565CB8B6238BEA1C00CF0A3A /* Frameworks */ = {
			isa = PBXGroup;
			children = (
				565CB8BB238BEA2300CF0A3A /* CNIOHTTPParser.framework */,
				565CB8B7238BEA1C00CF0A3A /* NIO.framework */,
			);
			name = Frameworks;
			sourceTree = "<group>";
		};
/* End PBXGroup section */

/* Begin PBXHeadersBuildPhase section */
		565CB86D238BE99D00CF0A3A /* Headers */ = {
			isa = PBXHeadersBuildPhase;
			buildActionMask = 2147483647;
			files = (
			);
			runOnlyForDeploymentPostprocessing = 0;
		};
/* End PBXHeadersBuildPhase section */

/* Begin PBXNativeTarget section */
		565CB871238BE99D00CF0A3A /* NIOHTTP1 */ = {
			isa = PBXNativeTarget;
			buildConfigurationList = 565CB87A238BE99D00CF0A3A /* Build configuration list for PBXNativeTarget "NIOHTTP1" */;
			buildPhases = (
				565CB86D238BE99D00CF0A3A /* Headers */,
				565CB86E238BE99D00CF0A3A /* Sources */,
				565CB86F238BE99D00CF0A3A /* Frameworks */,
				565CB870238BE99D00CF0A3A /* Resources */,
				565CB8BA238BEA1C00CF0A3A /* Embed Frameworks */,
			);
			buildRules = (
			);
			dependencies = (
			);
			name = NIOHTTP1;
			productName = NIOHTTP1;
			productReference = 565CB872238BE99D00CF0A3A /* NIOHTTP1.framework */;
			productType = "com.apple.product-type.framework";
		};
/* End PBXNativeTarget section */

/* Begin PBXProject section */
		565CB869238BE99D00CF0A3A /* Project object */ = {
			isa = PBXProject;
			attributes = {
				LastUpgradeCheck = 1110;
				ORGANIZATIONNAME = lojii;
				TargetAttributes = {
					565CB871238BE99D00CF0A3A = {
						CreatedOnToolsVersion = 11.1;
						LastSwiftMigration = 1110;
					};
				};
			};
			buildConfigurationList = 565CB86C238BE99D00CF0A3A /* Build configuration list for PBXProject "NIOHTTP1" */;
			compatibilityVersion = "Xcode 9.3";
			developmentRegion = en;
			hasScannedForEncodings = 0;
			knownRegions = (
				en,
				Base,
			);
			mainGroup = 565CB868238BE99D00CF0A3A;
			productRefGroup = 565CB873238BE99D00CF0A3A /* Products */;
			projectDirPath = "";
			projectRoot = "";
			targets = (
				565CB871238BE99D00CF0A3A /* NIOHTTP1 */,
			);
		};
/* End PBXProject section */

/* Begin PBXResourcesBuildPhase section */
		565CB870238BE99D00CF0A3A /* Resources */ = {
			isa = PBXResourcesBuildPhase;
			buildActionMask = 2147483647;
			files = (
			);
			runOnlyForDeploymentPostprocessing = 0;
		};
/* End PBXResourcesBuildPhase section */

/* Begin PBXSourcesBuildPhase section */
		565CB86E238BE99D00CF0A3A /* Sources */ = {
			isa = PBXSourcesBuildPhase;
			buildActionMask = 2147483647;
			files = (
				565CB88A238BE9AA00CF0A3A /* HTTPTypes.swift in Sources */,
				565CB887238BE9AA00CF0A3A /* HTTPEncoder.swift in Sources */,
				565CB886238BE9AA00CF0A3A /* HTTPDecoder.swift in Sources */,
				565CB88C238BE9AA00CF0A3A /* HTTPServerPipelineHandler.swift in Sources */,
				565CB889238BE9AA00CF0A3A /* HTTPServerUpgradeHandler.swift in Sources */,
				565CB88E238BE9AA00CF0A3A /* HTTPServerProtocolErrorHandler.swift in Sources */,
				565CB88D238BE9AA00CF0A3A /* ByteCollectionUtils.swift in Sources */,
				565CB888238BE9AA00CF0A3A /* HTTPPipelineSetup.swift in Sources */,
				565CB88B238BE9AA00CF0A3A /* NIOHTTPClientUpgradeHandler.swift in Sources */,
			);
			runOnlyForDeploymentPostprocessing = 0;
		};
/* End PBXSourcesBuildPhase section */

/* Begin XCBuildConfiguration section */
		565CB878238BE99D00CF0A3A /* Debug */ = {
			isa = XCBuildConfiguration;
			buildSettings = {
				ALWAYS_SEARCH_USER_PATHS = NO;
				CLANG_ANALYZER_NONNULL = YES;
				CLANG_ANALYZER_NUMBER_OBJECT_CONVERSION = YES_AGGRESSIVE;
				CLANG_CXX_LANGUAGE_STANDARD = "gnu++14";
				CLANG_CXX_LIBRARY = "libc++";
				CLANG_ENABLE_MODULES = YES;
				CLANG_ENABLE_OBJC_ARC = YES;
				CLANG_ENABLE_OBJC_WEAK = YES;
				CLANG_WARN_BLOCK_CAPTURE_AUTORELEASING = YES;
				CLANG_WARN_BOOL_CONVERSION = YES;
				CLANG_WARN_COMMA = YES;
				CLANG_WARN_CONSTANT_CONVERSION = YES;
				CLANG_WARN_DEPRECATED_OBJC_IMPLEMENTATIONS = YES;
				CLANG_WARN_DIRECT_OBJC_ISA_USAGE = YES_ERROR;
				CLANG_WARN_DOCUMENTATION_COMMENTS = YES;
				CLANG_WARN_EMPTY_BODY = YES;
				CLANG_WARN_ENUM_CONVERSION = YES;
				CLANG_WARN_INFINITE_RECURSION = YES;
				CLANG_WARN_INT_CONVERSION = YES;
				CLANG_WARN_NON_LITERAL_NULL_CONVERSION = YES;
				CLANG_WARN_OBJC_IMPLICIT_RETAIN_SELF = YES;
				CLANG_WARN_OBJC_LITERAL_CONVERSION = YES;
				CLANG_WARN_OBJC_ROOT_CLASS = YES_ERROR;
				CLANG_WARN_RANGE_LOOP_ANALYSIS = YES;
				CLANG_WARN_STRICT_PROTOTYPES = YES;
				CLANG_WARN_SUSPICIOUS_MOVE = YES;
				CLANG_WARN_UNGUARDED_AVAILABILITY = YES_AGGRESSIVE;
				CLANG_WARN_UNREACHABLE_CODE = YES;
				CLANG_WARN__DUPLICATE_METHOD_MATCH = YES;
				COPY_PHASE_STRIP = NO;
				CURRENT_PROJECT_VERSION = 1;
				DEBUG_INFORMATION_FORMAT = dwarf;
				ENABLE_STRICT_OBJC_MSGSEND = YES;
				ENABLE_TESTABILITY = YES;
				GCC_C_LANGUAGE_STANDARD = gnu11;
				GCC_DYNAMIC_NO_PIC = NO;
				GCC_NO_COMMON_BLOCKS = YES;
				GCC_OPTIMIZATION_LEVEL = 0;
				GCC_PREPROCESSOR_DEFINITIONS = (
					"DEBUG=1",
					"$(inherited)",
				);
				GCC_WARN_64_TO_32_BIT_CONVERSION = YES;
				GCC_WARN_ABOUT_RETURN_TYPE = YES_ERROR;
				GCC_WARN_UNDECLARED_SELECTOR = YES;
				GCC_WARN_UNINITIALIZED_AUTOS = YES_AGGRESSIVE;
				GCC_WARN_UNUSED_FUNCTION = YES;
				GCC_WARN_UNUSED_VARIABLE = YES;
				IPHONEOS_DEPLOYMENT_TARGET = 9.0;
				MTL_ENABLE_DEBUG_INFO = INCLUDE_SOURCE;
				MTL_FAST_MATH = YES;
				ONLY_ACTIVE_ARCH = YES;
				SDKROOT = iphoneos;
				SWIFT_ACTIVE_COMPILATION_CONDITIONS = DEBUG;
				SWIFT_OPTIMIZATION_LEVEL = "-Onone";
				VERSIONING_SYSTEM = "apple-generic";
				VERSION_INFO_PREFIX = "";
			};
			name = Debug;
		};
		565CB879238BE99D00CF0A3A /* Release */ = {
			isa = XCBuildConfiguration;
			buildSettings = {
				ALWAYS_SEARCH_USER_PATHS = NO;
				CLANG_ANALYZER_NONNULL = YES;
				CLANG_ANALYZER_NUMBER_OBJECT_CONVERSION = YES_AGGRESSIVE;
				CLANG_CXX_LANGUAGE_STANDARD = "gnu++14";
				CLANG_CXX_LIBRARY = "libc++";
				CLANG_ENABLE_MODULES = YES;
				CLANG_ENABLE_OBJC_ARC = YES;
				CLANG_ENABLE_OBJC_WEAK = YES;
				CLANG_WARN_BLOCK_CAPTURE_AUTORELEASING = YES;
				CLANG_WARN_BOOL_CONVERSION = YES;
				CLANG_WARN_COMMA = YES;
				CLANG_WARN_CONSTANT_CONVERSION = YES;
				CLANG_WARN_DEPRECATED_OBJC_IMPLEMENTATIONS = YES;
				CLANG_WARN_DIRECT_OBJC_ISA_USAGE = YES_ERROR;
				CLANG_WARN_DOCUMENTATION_COMMENTS = YES;
				CLANG_WARN_EMPTY_BODY = YES;
				CLANG_WARN_ENUM_CONVERSION = YES;
				CLANG_WARN_INFINITE_RECURSION = YES;
				CLANG_WARN_INT_CONVERSION = YES;
				CLANG_WARN_NON_LITERAL_NULL_CONVERSION = YES;
				CLANG_WARN_OBJC_IMPLICIT_RETAIN_SELF = YES;
				CLANG_WARN_OBJC_LITERAL_CONVERSION = YES;
				CLANG_WARN_OBJC_ROOT_CLASS = YES_ERROR;
				CLANG_WARN_RANGE_LOOP_ANALYSIS = YES;
				CLANG_WARN_STRICT_PROTOTYPES = YES;
				CLANG_WARN_SUSPICIOUS_MOVE = YES;
				CLANG_WARN_UNGUARDED_AVAILABILITY = YES_AGGRESSIVE;
				CLANG_WARN_UNREACHABLE_CODE = YES;
				CLANG_WARN__DUPLICATE_METHOD_MATCH = YES;
				COPY_PHASE_STRIP = NO;
				CURRENT_PROJECT_VERSION = 1;
				DEBUG_INFORMATION_FORMAT = "dwarf-with-dsym";
				ENABLE_NS_ASSERTIONS = NO;
				ENABLE_STRICT_OBJC_MSGSEND = YES;
				GCC_C_LANGUAGE_STANDARD = gnu11;
				GCC_NO_COMMON_BLOCKS = YES;
				GCC_WARN_64_TO_32_BIT_CONVERSION = YES;
				GCC_WARN_ABOUT_RETURN_TYPE = YES_ERROR;
				GCC_WARN_UNDECLARED_SELECTOR = YES;
				GCC_WARN_UNINITIALIZED_AUTOS = YES_AGGRESSIVE;
				GCC_WARN_UNUSED_FUNCTION = YES;
				GCC_WARN_UNUSED_VARIABLE = YES;
				IPHONEOS_DEPLOYMENT_TARGET = 9.0;
				MTL_ENABLE_DEBUG_INFO = NO;
				MTL_FAST_MATH = YES;
				SDKROOT = iphoneos;
				SWIFT_COMPILATION_MODE = wholemodule;
				SWIFT_OPTIMIZATION_LEVEL = "-O";
				VALIDATE_PRODUCT = YES;
				VERSIONING_SYSTEM = "apple-generic";
				VERSION_INFO_PREFIX = "";
			};
			name = Release;
		};
		565CB87B238BE99D00CF0A3A /* Debug */ = {
			isa = XCBuildConfiguration;
			buildSettings = {
				CLANG_ENABLE_MODULES = YES;
				CODE_SIGN_STYLE = Automatic;
				DEFINES_MODULE = YES;
				DYLIB_COMPATIBILITY_VERSION = 1;
				DYLIB_CURRENT_VERSION = 1;
				DYLIB_INSTALL_NAME_BASE = "@rpath";
				INFOPLIST_FILE = NIOHTTP1/Info.plist;
				INSTALL_PATH = "$(LOCAL_LIBRARY_DIR)/Frameworks";
				IPHONEOS_DEPLOYMENT_TARGET = 9.0;
				LD_RUNPATH_SEARCH_PATHS = (
					"$(inherited)",
					"@executable_path/Frameworks",
					"@loader_path/Frameworks",
				);
				PRODUCT_BUNDLE_IDENTIFIER = lojii.NIOHTTP1;
				PRODUCT_NAME = "$(TARGET_NAME:c99extidentifier)";
				SKIP_INSTALL = YES;
				SWIFT_OPTIMIZATION_LEVEL = "-Onone";
				SWIFT_VERSION = 5.0;
				TARGETED_DEVICE_FAMILY = "1,2";
			};
			name = Debug;
		};
		565CB87C238BE99D00CF0A3A /* Release */ = {
			isa = XCBuildConfiguration;
			buildSettings = {
				CLANG_ENABLE_MODULES = YES;
				CODE_SIGN_STYLE = Automatic;
				DEFINES_MODULE = YES;
				DYLIB_COMPATIBILITY_VERSION = 1;
				DYLIB_CURRENT_VERSION = 1;
				DYLIB_INSTALL_NAME_BASE = "@rpath";
				INFOPLIST_FILE = NIOHTTP1/Info.plist;
				INSTALL_PATH = "$(LOCAL_LIBRARY_DIR)/Frameworks";
				IPHONEOS_DEPLOYMENT_TARGET = 9.0;
				LD_RUNPATH_SEARCH_PATHS = (
					"$(inherited)",
					"@executable_path/Frameworks",
					"@loader_path/Frameworks",
				);
				PRODUCT_BUNDLE_IDENTIFIER = lojii.NIOHTTP1;
				PRODUCT_NAME = "$(TARGET_NAME:c99extidentifier)";
				SKIP_INSTALL = YES;
				SWIFT_VERSION = 5.0;
				TARGETED_DEVICE_FAMILY = "1,2";
			};
			name = Release;
		};
/* End XCBuildConfiguration section */

/* Begin XCConfigurationList section */
		565CB86C238BE99D00CF0A3A /* Build configuration list for PBXProject "NIOHTTP1" */ = {
			isa = XCConfigurationList;
			buildConfigurations = (
				565CB878238BE99D00CF0A3A /* Debug */,
				565CB879238BE99D00CF0A3A /* Release */,
			);
			defaultConfigurationIsVisible = 0;
			defaultConfigurationName = Release;
		};
		565CB87A238BE99D00CF0A3A /* Build configuration list for PBXNativeTarget "NIOHTTP1" */ = {
			isa = XCConfigurationList;
			buildConfigurations = (
				565CB87B238BE99D00CF0A3A /* Debug */,
				565CB87C238BE99D00CF0A3A /* Release */,
			);
			defaultConfigurationIsVisible = 0;
			defaultConfigurationName = Release;
		};
/* End XCConfigurationList section */
	};
	rootObject = 565CB869238BE99D00CF0A3A /* Project object */;
}
