PODS:
  - Bugly (2.5.2)
  - CocoaAsyncSocket (7.6.4)
  - FileBrowser (1.0.0)
  - Highlightr (2.1.0)
  - ReachabilitySwift (5.0.0)
  - SQLite.swift (0.12.2):
    - SQLite.swift/standard (= 0.12.2)
  - SQLite.swift/standard (0.12.2)
  - TangramKit (1.4.2)
  - YYCache (1.0.4)
  - YYCategories (1.0.4):
    - YYCategories/no-arc (= 1.0.4)
  - YYCategories/no-arc (1.0.4)
  - YYImage (1.0.4):
    - YYImage/Core (= 1.0.4)
  - YYImage/Core (1.0.4)
  - YYImage/WebP (1.0.4):
    - YYImage/Core
  - YYWebImage (1.0.5):
    - YYCache
    - YYImage

DEPENDENCIES:
  - Bugly
  - CocoaAsyncSocket
  - FileBrowser
  - Highlightr
  - ReachabilitySwift
  - SQLite.swift
  - TangramKit
  - YYCategories
  - YYImage
  - YYImage/WebP
  - YYWebImage

SPEC REPOS:
  https://github.com/CocoaPods/Specs.git:
    - Bugly
    - CocoaAsyncSocket
    - FileBrowser
    - Highlightr
    - ReachabilitySwift
    - SQLite.swift
    - TangramKit
    - YYCache
    - YYCategories
    - YYImage
    - YYWebImage

SPEC CHECKSUMS:
  Bugly: dbac48b55ad469a97cc4321045cd50df8f63d44f
  CocoaAsyncSocket: 694058e7c0ed05a9e217d1b3c7ded962f4180845
  FileBrowser: 2ca91ff61c9ea09665eb3b8f9e64a7a77e66a0bf
  Highlightr: 595f3e100737c8de41113385da8bd0b5b65212c6
  ReachabilitySwift: 985039c6f7b23a1da463388634119492ff86c825
  SQLite.swift: d2b4642190917051ce6bd1d49aab565fe794eea3
  TangramKit: aad3ab8f9617418c9da96d59cddd71134ae8af83
  YYCache: 8105b6638f5e849296c71f331ff83891a4942952
  YYCategories: 6bcd4314c6661a561410dce4a793379ebd306abd
  YYImage: 1e1b62a9997399593e4b9c4ecfbbabbf1d3f3b54
  YYWebImage: 5f7f36aee2ae293f016d418c7d6ba05c4863e928

PODFILE CHECKSUM: 3f4a8fc10b7b4e794d8f59101e83344b217ec53e

COCOAPODS: 1.9.0
