// !$*UTF8*$!
{
	archiveVersion = 1;
	classes = {
	};
	objectVersion = 50;
	objects = {

/* Begin PBXBuildFile section */
		565CBDE1238BEE4200CF0A3A /* SSLConnection.swift in Sources */ = {isa = PBXBuildFile; fileRef = 565CBDCF238BEE4100CF0A3A /* SSLConnection.swift */; };
		565CBDE2238BEE4200CF0A3A /* TLSConfiguration.swift in Sources */ = {isa = PBXBuildFile; fileRef = 565CBDD0238BEE4100CF0A3A /* TLSConfiguration.swift */; };
		565CBDE3238BEE4200CF0A3A /* SecurityFrameworkCertificateVerification.swift in Sources */ = {isa = PBXBuildFile; fileRef = 565CBDD1238BEE4100CF0A3A /* SecurityFrameworkCertificateVerification.swift */; };
		565CBDE4238BEE4200CF0A3A /* SSLPKCS12Bundle.swift in Sources */ = {isa = PBXBuildFile; fileRef = 565CBDD2238BEE4100CF0A3A /* SSLPKCS12Bundle.swift */; };
		565CBDE5238BEE4200CF0A3A /* SSLErrors.swift in Sources */ = {isa = PBXBuildFile; fileRef = 565CBDD3238BEE4100CF0A3A /* SSLErrors.swift */; };
		565CBDE6238BEE4200CF0A3A /* SSLInit.swift in Sources */ = {isa = PBXBuildFile; fileRef = 565CBDD4238BEE4100CF0A3A /* SSLInit.swift */; };
		565CBDE7238BEE4200CF0A3A /* NIOSSLClientHandler.swift in Sources */ = {isa = PBXBuildFile; fileRef = 565CBDD5238BEE4100CF0A3A /* NIOSSLClientHandler.swift */; };
		565CBDE8238BEE4200CF0A3A /* LinuxCABundle.swift in Sources */ = {isa = PBXBuildFile; fileRef = 565CBDD6238BEE4100CF0A3A /* LinuxCABundle.swift */; };
		565CBDE9238BEE4200CF0A3A /* IdentityVerification.swift in Sources */ = {isa = PBXBuildFile; fileRef = 565CBDD7238BEE4100CF0A3A /* IdentityVerification.swift */; };
		565CBDEA238BEE4200CF0A3A /* PosixPort.swift in Sources */ = {isa = PBXBuildFile; fileRef = 565CBDD8238BEE4100CF0A3A /* PosixPort.swift */; };
		565CBDEB238BEE4200CF0A3A /* SSLPrivateKey.swift in Sources */ = {isa = PBXBuildFile; fileRef = 565CBDD9238BEE4100CF0A3A /* SSLPrivateKey.swift */; };
		565CBDEC238BEE4200CF0A3A /* NIOSSLServerHandler.swift in Sources */ = {isa = PBXBuildFile; fileRef = 565CBDDA238BEE4100CF0A3A /* NIOSSLServerHandler.swift */; };
		565CBDED238BEE4200CF0A3A /* SSLCertificate.swift in Sources */ = {isa = PBXBuildFile; fileRef = 565CBDDB238BEE4200CF0A3A /* SSLCertificate.swift */; };
		565CBDEE238BEE4200CF0A3A /* SSLCallbacks.swift in Sources */ = {isa = PBXBuildFile; fileRef = 565CBDDC238BEE4200CF0A3A /* SSLCallbacks.swift */; };
		565CBDEF238BEE4200CF0A3A /* SSLPublicKey.swift in Sources */ = {isa = PBXBuildFile; fileRef = 565CBDDD238BEE4200CF0A3A /* SSLPublicKey.swift */; };
		565CBDF0238BEE4200CF0A3A /* NIOSSLHandler.swift in Sources */ = {isa = PBXBuildFile; fileRef = 565CBDDE238BEE4200CF0A3A /* NIOSSLHandler.swift */; };
		565CBDF1238BEE4200CF0A3A /* ByteBufferBIO.swift in Sources */ = {isa = PBXBuildFile; fileRef = 565CBDDF238BEE4200CF0A3A /* ByteBufferBIO.swift */; };
		565CBDF2238BEE4200CF0A3A /* SSLContext.swift in Sources */ = {isa = PBXBuildFile; fileRef = 565CBDE0238BEE4200CF0A3A /* SSLContext.swift */; };
		565CBE1A238BEED400CF0A3A /* NIO.framework in Frameworks */ = {isa = PBXBuildFile; fileRef = 565CBE19238BEED400CF0A3A /* NIO.framework */; };
		565CBE1B238BEED400CF0A3A /* NIO.framework in Embed Frameworks */ = {isa = PBXBuildFile; fileRef = 565CBE19238BEED400CF0A3A /* NIO.framework */; settings = {ATTRIBUTES = (CodeSignOnCopy, RemoveHeadersOnCopy, ); }; };
		565CBE1E238BEEDA00CF0A3A /* CNIOBoringSSLShims.framework in Frameworks */ = {isa = PBXBuildFile; fileRef = 565CBE1D238BEEDA00CF0A3A /* CNIOBoringSSLShims.framework */; };
		565CBE1F238BEEDA00CF0A3A /* CNIOBoringSSLShims.framework in Embed Frameworks */ = {isa = PBXBuildFile; fileRef = 565CBE1D238BEEDA00CF0A3A /* CNIOBoringSSLShims.framework */; settings = {ATTRIBUTES = (CodeSignOnCopy, RemoveHeadersOnCopy, ); }; };
		565CBE4C238BF01400CF0A3A /* NIOTLS.framework in Frameworks */ = {isa = PBXBuildFile; fileRef = 565CBE4B238BF01400CF0A3A /* NIOTLS.framework */; };
		565CBE4D238BF01400CF0A3A /* NIOTLS.framework in Embed Frameworks */ = {isa = PBXBuildFile; fileRef = 565CBE4B238BF01400CF0A3A /* NIOTLS.framework */; settings = {ATTRIBUTES = (CodeSignOnCopy, RemoveHeadersOnCopy, ); }; };
		565CBE6B238BF6EC00CF0A3A /* CNIOBoringSSL.framework in Frameworks */ = {isa = PBXBuildFile; fileRef = 565CBE6A238BF6EC00CF0A3A /* CNIOBoringSSL.framework */; };
		565CBE6C238BF6EC00CF0A3A /* CNIOBoringSSL.framework in Embed Frameworks */ = {isa = PBXBuildFile; fileRef = 565CBE6A238BF6EC00CF0A3A /* CNIOBoringSSL.framework */; settings = {ATTRIBUTES = (CodeSignOnCopy, RemoveHeadersOnCopy, ); }; };
/* End PBXBuildFile section */

/* Begin PBXCopyFilesBuildPhase section */
		565CBE1C238BEED400CF0A3A /* Embed Frameworks */ = {
			isa = PBXCopyFilesBuildPhase;
			buildActionMask = 2147483647;
			dstPath = "";
			dstSubfolderSpec = 10;
			files = (
				565CBE1F238BEEDA00CF0A3A /* CNIOBoringSSLShims.framework in Embed Frameworks */,
				565CBE4D238BF01400CF0A3A /* NIOTLS.framework in Embed Frameworks */,
				565CBE1B238BEED400CF0A3A /* NIO.framework in Embed Frameworks */,
				565CBE6C238BF6EC00CF0A3A /* CNIOBoringSSL.framework in Embed Frameworks */,
			);
			name = "Embed Frameworks";
			runOnlyForDeploymentPostprocessing = 0;
		};
/* End PBXCopyFilesBuildPhase section */

/* Begin PBXFileReference section */
		565CBDC4238BEE2B00CF0A3A /* NIOSSL.framework */ = {isa = PBXFileReference; explicitFileType = wrapper.framework; includeInIndex = 0; path = NIOSSL.framework; sourceTree = BUILT_PRODUCTS_DIR; };
		565CBDC8238BEE2B00CF0A3A /* Info.plist */ = {isa = PBXFileReference; lastKnownFileType = text.plist.xml; path = Info.plist; sourceTree = "<group>"; };
		565CBDCF238BEE4100CF0A3A /* SSLConnection.swift */ = {isa = PBXFileReference; fileEncoding = 4; lastKnownFileType = sourcecode.swift; path = SSLConnection.swift; sourceTree = "<group>"; };
		565CBDD0238BEE4100CF0A3A /* TLSConfiguration.swift */ = {isa = PBXFileReference; fileEncoding = 4; lastKnownFileType = sourcecode.swift; path = TLSConfiguration.swift; sourceTree = "<group>"; };
		565CBDD1238BEE4100CF0A3A /* SecurityFrameworkCertificateVerification.swift */ = {isa = PBXFileReference; fileEncoding = 4; lastKnownFileType = sourcecode.swift; path = SecurityFrameworkCertificateVerification.swift; sourceTree = "<group>"; };
		565CBDD2238BEE4100CF0A3A /* SSLPKCS12Bundle.swift */ = {isa = PBXFileReference; fileEncoding = 4; lastKnownFileType = sourcecode.swift; path = SSLPKCS12Bundle.swift; sourceTree = "<group>"; };
		565CBDD3238BEE4100CF0A3A /* SSLErrors.swift */ = {isa = PBXFileReference; fileEncoding = 4; lastKnownFileType = sourcecode.swift; path = SSLErrors.swift; sourceTree = "<group>"; };
		565CBDD4238BEE4100CF0A3A /* SSLInit.swift */ = {isa = PBXFileReference; fileEncoding = 4; lastKnownFileType = sourcecode.swift; path = SSLInit.swift; sourceTree = "<group>"; };
		565CBDD5238BEE4100CF0A3A /* NIOSSLClientHandler.swift */ = {isa = PBXFileReference; fileEncoding = 4; lastKnownFileType = sourcecode.swift; path = NIOSSLClientHandler.swift; sourceTree = "<group>"; };
		565CBDD6238BEE4100CF0A3A /* LinuxCABundle.swift */ = {isa = PBXFileReference; fileEncoding = 4; lastKnownFileType = sourcecode.swift; path = LinuxCABundle.swift; sourceTree = "<group>"; };
		565CBDD7238BEE4100CF0A3A /* IdentityVerification.swift */ = {isa = PBXFileReference; fileEncoding = 4; lastKnownFileType = sourcecode.swift; path = IdentityVerification.swift; sourceTree = "<group>"; };
		565CBDD8238BEE4100CF0A3A /* PosixPort.swift */ = {isa = PBXFileReference; fileEncoding = 4; lastKnownFileType = sourcecode.swift; path = PosixPort.swift; sourceTree = "<group>"; };
		565CBDD9238BEE4100CF0A3A /* SSLPrivateKey.swift */ = {isa = PBXFileReference; fileEncoding = 4; lastKnownFileType = sourcecode.swift; path = SSLPrivateKey.swift; sourceTree = "<group>"; };
		565CBDDA238BEE4100CF0A3A /* NIOSSLServerHandler.swift */ = {isa = PBXFileReference; fileEncoding = 4; lastKnownFileType = sourcecode.swift; path = NIOSSLServerHandler.swift; sourceTree = "<group>"; };
		565CBDDB238BEE4200CF0A3A /* SSLCertificate.swift */ = {isa = PBXFileReference; fileEncoding = 4; lastKnownFileType = sourcecode.swift; path = SSLCertificate.swift; sourceTree = "<group>"; };
		565CBDDC238BEE4200CF0A3A /* SSLCallbacks.swift */ = {isa = PBXFileReference; fileEncoding = 4; lastKnownFileType = sourcecode.swift; path = SSLCallbacks.swift; sourceTree = "<group>"; };
		565CBDDD238BEE4200CF0A3A /* SSLPublicKey.swift */ = {isa = PBXFileReference; fileEncoding = 4; lastKnownFileType = sourcecode.swift; path = SSLPublicKey.swift; sourceTree = "<group>"; };
		565CBDDE238BEE4200CF0A3A /* NIOSSLHandler.swift */ = {isa = PBXFileReference; fileEncoding = 4; lastKnownFileType = sourcecode.swift; path = NIOSSLHandler.swift; sourceTree = "<group>"; };
		565CBDDF238BEE4200CF0A3A /* ByteBufferBIO.swift */ = {isa = PBXFileReference; fileEncoding = 4; lastKnownFileType = sourcecode.swift; path = ByteBufferBIO.swift; sourceTree = "<group>"; };
		565CBDE0238BEE4200CF0A3A /* SSLContext.swift */ = {isa = PBXFileReference; fileEncoding = 4; lastKnownFileType = sourcecode.swift; path = SSLContext.swift; sourceTree = "<group>"; };
		565CBE19238BEED400CF0A3A /* NIO.framework */ = {isa = PBXFileReference; explicitFileType = wrapper.framework; path = NIO.framework; sourceTree = BUILT_PRODUCTS_DIR; };
		565CBE1D238BEEDA00CF0A3A /* CNIOBoringSSLShims.framework */ = {isa = PBXFileReference; explicitFileType = wrapper.framework; path = CNIOBoringSSLShims.framework; sourceTree = BUILT_PRODUCTS_DIR; };
		565CBE4B238BF01400CF0A3A /* NIOTLS.framework */ = {isa = PBXFileReference; explicitFileType = wrapper.framework; path = NIOTLS.framework; sourceTree = BUILT_PRODUCTS_DIR; };
		565CBE6A238BF6EC00CF0A3A /* CNIOBoringSSL.framework */ = {isa = PBXFileReference; explicitFileType = wrapper.framework; path = CNIOBoringSSL.framework; sourceTree = BUILT_PRODUCTS_DIR; };
/* End PBXFileReference section */

/* Begin PBXFrameworksBuildPhase section */
		565CBDC1238BEE2B00CF0A3A /* Frameworks */ = {
			isa = PBXFrameworksBuildPhase;
			buildActionMask = 2147483647;
			files = (
				565CBE1E238BEEDA00CF0A3A /* CNIOBoringSSLShims.framework in Frameworks */,
				565CBE4C238BF01400CF0A3A /* NIOTLS.framework in Frameworks */,
				565CBE1A238BEED400CF0A3A /* NIO.framework in Frameworks */,
				565CBE6B238BF6EC00CF0A3A /* CNIOBoringSSL.framework in Frameworks */,
			);
			runOnlyForDeploymentPostprocessing = 0;
		};
/* End PBXFrameworksBuildPhase section */

/* Begin PBXGroup section */
		565CBDBA238BEE2B00CF0A3A = {
			isa = PBXGroup;
			children = (
				565CBDC6238BEE2B00CF0A3A /* NIOSSL */,
				565CBDC5238BEE2B00CF0A3A /* Products */,
				565CBE18238BEED400CF0A3A /* Frameworks */,
			);
			sourceTree = "<group>";
		};
		565CBDC5238BEE2B00CF0A3A /* Products */ = {
			isa = PBXGroup;
			children = (
				565CBDC4238BEE2B00CF0A3A /* NIOSSL.framework */,
			);
			name = Products;
			sourceTree = "<group>";
		};
		565CBDC6238BEE2B00CF0A3A /* NIOSSL */ = {
			isa = PBXGroup;
			children = (
				565CBDDF238BEE4200CF0A3A /* ByteBufferBIO.swift */,
				565CBDD7238BEE4100CF0A3A /* IdentityVerification.swift */,
				565CBDD6238BEE4100CF0A3A /* LinuxCABundle.swift */,
				565CBDD5238BEE4100CF0A3A /* NIOSSLClientHandler.swift */,
				565CBDDE238BEE4200CF0A3A /* NIOSSLHandler.swift */,
				565CBDDA238BEE4100CF0A3A /* NIOSSLServerHandler.swift */,
				565CBDD8238BEE4100CF0A3A /* PosixPort.swift */,
				565CBDD1238BEE4100CF0A3A /* SecurityFrameworkCertificateVerification.swift */,
				565CBDDC238BEE4200CF0A3A /* SSLCallbacks.swift */,
				565CBDDB238BEE4200CF0A3A /* SSLCertificate.swift */,
				565CBDCF238BEE4100CF0A3A /* SSLConnection.swift */,
				565CBDE0238BEE4200CF0A3A /* SSLContext.swift */,
				565CBDD3238BEE4100CF0A3A /* SSLErrors.swift */,
				565CBDD4238BEE4100CF0A3A /* SSLInit.swift */,
				565CBDD2238BEE4100CF0A3A /* SSLPKCS12Bundle.swift */,
				565CBDD9238BEE4100CF0A3A /* SSLPrivateKey.swift */,
				565CBDDD238BEE4200CF0A3A /* SSLPublicKey.swift */,
				565CBDD0238BEE4100CF0A3A /* TLSConfiguration.swift */,
				565CBDC8238BEE2B00CF0A3A /* Info.plist */,
			);
			path = NIOSSL;
			sourceTree = "<group>";
		};
		565CBE18238BEED400CF0A3A /* Frameworks */ = {
			isa = PBXGroup;
			children = (
				565CBE6A238BF6EC00CF0A3A /* CNIOBoringSSL.framework */,
				565CBE4B238BF01400CF0A3A /* NIOTLS.framework */,
				565CBE1D238BEEDA00CF0A3A /* CNIOBoringSSLShims.framework */,
				565CBE19238BEED400CF0A3A /* NIO.framework */,
			);
			name = Frameworks;
			sourceTree = "<group>";
		};
/* End PBXGroup section */

/* Begin PBXHeadersBuildPhase section */
		565CBDBF238BEE2B00CF0A3A /* Headers */ = {
			isa = PBXHeadersBuildPhase;
			buildActionMask = 2147483647;
			files = (
			);
			runOnlyForDeploymentPostprocessing = 0;
		};
/* End PBXHeadersBuildPhase section */

/* Begin PBXNativeTarget section */
		565CBDC3238BEE2B00CF0A3A /* NIOSSL */ = {
			isa = PBXNativeTarget;
			buildConfigurationList = 565CBDCC238BEE2B00CF0A3A /* Build configuration list for PBXNativeTarget "NIOSSL" */;
			buildPhases = (
				565CBDBF238BEE2B00CF0A3A /* Headers */,
				565CBDC0238BEE2B00CF0A3A /* Sources */,
				565CBDC1238BEE2B00CF0A3A /* Frameworks */,
				565CBDC2238BEE2B00CF0A3A /* Resources */,
				565CBE1C238BEED400CF0A3A /* Embed Frameworks */,
			);
			buildRules = (
			);
			dependencies = (
			);
			name = NIOSSL;
			productName = NIOSSL;
			productReference = 565CBDC4238BEE2B00CF0A3A /* NIOSSL.framework */;
			productType = "com.apple.product-type.framework";
		};
/* End PBXNativeTarget section */

/* Begin PBXProject section */
		565CBDBB238BEE2B00CF0A3A /* Project object */ = {
			isa = PBXProject;
			attributes = {
				LastUpgradeCheck = 1110;
				ORGANIZATIONNAME = lojii;
				TargetAttributes = {
					565CBDC3238BEE2B00CF0A3A = {
						CreatedOnToolsVersion = 11.1;
						LastSwiftMigration = 1110;
					};
				};
			};
			buildConfigurationList = 565CBDBE238BEE2B00CF0A3A /* Build configuration list for PBXProject "NIOSSL" */;
			compatibilityVersion = "Xcode 9.3";
			developmentRegion = en;
			hasScannedForEncodings = 0;
			knownRegions = (
				en,
				Base,
			);
			mainGroup = 565CBDBA238BEE2B00CF0A3A;
			productRefGroup = 565CBDC5238BEE2B00CF0A3A /* Products */;
			projectDirPath = "";
			projectRoot = "";
			targets = (
				565CBDC3238BEE2B00CF0A3A /* NIOSSL */,
			);
		};
/* End PBXProject section */

/* Begin PBXResourcesBuildPhase section */
		565CBDC2238BEE2B00CF0A3A /* Resources */ = {
			isa = PBXResourcesBuildPhase;
			buildActionMask = 2147483647;
			files = (
			);
			runOnlyForDeploymentPostprocessing = 0;
		};
/* End PBXResourcesBuildPhase section */

/* Begin PBXSourcesBuildPhase section */
		565CBDC0238BEE2B00CF0A3A /* Sources */ = {
			isa = PBXSourcesBuildPhase;
			buildActionMask = 2147483647;
			files = (
				565CBDEF238BEE4200CF0A3A /* SSLPublicKey.swift in Sources */,
				565CBDE6238BEE4200CF0A3A /* SSLInit.swift in Sources */,
				565CBDE5238BEE4200CF0A3A /* SSLErrors.swift in Sources */,
				565CBDE7238BEE4200CF0A3A /* NIOSSLClientHandler.swift in Sources */,
				565CBDF2238BEE4200CF0A3A /* SSLContext.swift in Sources */,
				565CBDF0238BEE4200CF0A3A /* NIOSSLHandler.swift in Sources */,
				565CBDEE238BEE4200CF0A3A /* SSLCallbacks.swift in Sources */,
				565CBDF1238BEE4200CF0A3A /* ByteBufferBIO.swift in Sources */,
				565CBDED238BEE4200CF0A3A /* SSLCertificate.swift in Sources */,
				565CBDE4238BEE4200CF0A3A /* SSLPKCS12Bundle.swift in Sources */,
				565CBDE9238BEE4200CF0A3A /* IdentityVerification.swift in Sources */,
				565CBDEC238BEE4200CF0A3A /* NIOSSLServerHandler.swift in Sources */,
				565CBDE8238BEE4200CF0A3A /* LinuxCABundle.swift in Sources */,
				565CBDEA238BEE4200CF0A3A /* PosixPort.swift in Sources */,
				565CBDE2238BEE4200CF0A3A /* TLSConfiguration.swift in Sources */,
				565CBDE3238BEE4200CF0A3A /* SecurityFrameworkCertificateVerification.swift in Sources */,
				565CBDEB238BEE4200CF0A3A /* SSLPrivateKey.swift in Sources */,
				565CBDE1238BEE4200CF0A3A /* SSLConnection.swift in Sources */,
			);
			runOnlyForDeploymentPostprocessing = 0;
		};
/* End PBXSourcesBuildPhase section */

/* Begin XCBuildConfiguration section */
		565CBDCA238BEE2B00CF0A3A /* Debug */ = {
			isa = XCBuildConfiguration;
			buildSettings = {
				ALWAYS_SEARCH_USER_PATHS = NO;
				CLANG_ANALYZER_NONNULL = YES;
				CLANG_ANALYZER_NUMBER_OBJECT_CONVERSION = YES_AGGRESSIVE;
				CLANG_CXX_LANGUAGE_STANDARD = "gnu++14";
				CLANG_CXX_LIBRARY = "libc++";
				CLANG_ENABLE_MODULES = YES;
				CLANG_ENABLE_OBJC_ARC = YES;
				CLANG_ENABLE_OBJC_WEAK = YES;
				CLANG_WARN_BLOCK_CAPTURE_AUTORELEASING = YES;
				CLANG_WARN_BOOL_CONVERSION = YES;
				CLANG_WARN_COMMA = YES;
				CLANG_WARN_CONSTANT_CONVERSION = YES;
				CLANG_WARN_DEPRECATED_OBJC_IMPLEMENTATIONS = YES;
				CLANG_WARN_DIRECT_OBJC_ISA_USAGE = YES_ERROR;
				CLANG_WARN_DOCUMENTATION_COMMENTS = YES;
				CLANG_WARN_EMPTY_BODY = YES;
				CLANG_WARN_ENUM_CONVERSION = YES;
				CLANG_WARN_INFINITE_RECURSION = YES;
				CLANG_WARN_INT_CONVERSION = YES;
				CLANG_WARN_NON_LITERAL_NULL_CONVERSION = YES;
				CLANG_WARN_OBJC_IMPLICIT_RETAIN_SELF = YES;
				CLANG_WARN_OBJC_LITERAL_CONVERSION = YES;
				CLANG_WARN_OBJC_ROOT_CLASS = YES_ERROR;
				CLANG_WARN_RANGE_LOOP_ANALYSIS = YES;
				CLANG_WARN_STRICT_PROTOTYPES = YES;
				CLANG_WARN_SUSPICIOUS_MOVE = YES;
				CLANG_WARN_UNGUARDED_AVAILABILITY = YES_AGGRESSIVE;
				CLANG_WARN_UNREACHABLE_CODE = YES;
				CLANG_WARN__DUPLICATE_METHOD_MATCH = YES;
				COPY_PHASE_STRIP = NO;
				CURRENT_PROJECT_VERSION = 1;
				DEBUG_INFORMATION_FORMAT = dwarf;
				ENABLE_STRICT_OBJC_MSGSEND = YES;
				ENABLE_TESTABILITY = YES;
				GCC_C_LANGUAGE_STANDARD = gnu11;
				GCC_DYNAMIC_NO_PIC = NO;
				GCC_NO_COMMON_BLOCKS = YES;
				GCC_OPTIMIZATION_LEVEL = 0;
				GCC_PREPROCESSOR_DEFINITIONS = (
					"DEBUG=1",
					"$(inherited)",
				);
				GCC_WARN_64_TO_32_BIT_CONVERSION = YES;
				GCC_WARN_ABOUT_RETURN_TYPE = YES_ERROR;
				GCC_WARN_UNDECLARED_SELECTOR = YES;
				GCC_WARN_UNINITIALIZED_AUTOS = YES_AGGRESSIVE;
				GCC_WARN_UNUSED_FUNCTION = YES;
				GCC_WARN_UNUSED_VARIABLE = YES;
				IPHONEOS_DEPLOYMENT_TARGET = 9.0;
				MTL_ENABLE_DEBUG_INFO = INCLUDE_SOURCE;
				MTL_FAST_MATH = YES;
				ONLY_ACTIVE_ARCH = YES;
				SDKROOT = iphoneos;
				SWIFT_ACTIVE_COMPILATION_CONDITIONS = DEBUG;
				SWIFT_OPTIMIZATION_LEVEL = "-Onone";
				VERSIONING_SYSTEM = "apple-generic";
				VERSION_INFO_PREFIX = "";
			};
			name = Debug;
		};
		565CBDCB238BEE2B00CF0A3A /* Release */ = {
			isa = XCBuildConfiguration;
			buildSettings = {
				ALWAYS_SEARCH_USER_PATHS = NO;
				CLANG_ANALYZER_NONNULL = YES;
				CLANG_ANALYZER_NUMBER_OBJECT_CONVERSION = YES_AGGRESSIVE;
				CLANG_CXX_LANGUAGE_STANDARD = "gnu++14";
				CLANG_CXX_LIBRARY = "libc++";
				CLANG_ENABLE_MODULES = YES;
				CLANG_ENABLE_OBJC_ARC = YES;
				CLANG_ENABLE_OBJC_WEAK = YES;
				CLANG_WARN_BLOCK_CAPTURE_AUTORELEASING = YES;
				CLANG_WARN_BOOL_CONVERSION = YES;
				CLANG_WARN_COMMA = YES;
				CLANG_WARN_CONSTANT_CONVERSION = YES;
				CLANG_WARN_DEPRECATED_OBJC_IMPLEMENTATIONS = YES;
				CLANG_WARN_DIRECT_OBJC_ISA_USAGE = YES_ERROR;
				CLANG_WARN_DOCUMENTATION_COMMENTS = YES;
				CLANG_WARN_EMPTY_BODY = YES;
				CLANG_WARN_ENUM_CONVERSION = YES;
				CLANG_WARN_INFINITE_RECURSION = YES;
				CLANG_WARN_INT_CONVERSION = YES;
				CLANG_WARN_NON_LITERAL_NULL_CONVERSION = YES;
				CLANG_WARN_OBJC_IMPLICIT_RETAIN_SELF = YES;
				CLANG_WARN_OBJC_LITERAL_CONVERSION = YES;
				CLANG_WARN_OBJC_ROOT_CLASS = YES_ERROR;
				CLANG_WARN_RANGE_LOOP_ANALYSIS = YES;
				CLANG_WARN_STRICT_PROTOTYPES = YES;
				CLANG_WARN_SUSPICIOUS_MOVE = YES;
				CLANG_WARN_UNGUARDED_AVAILABILITY = YES_AGGRESSIVE;
				CLANG_WARN_UNREACHABLE_CODE = YES;
				CLANG_WARN__DUPLICATE_METHOD_MATCH = YES;
				COPY_PHASE_STRIP = NO;
				CURRENT_PROJECT_VERSION = 1;
				DEBUG_INFORMATION_FORMAT = "dwarf-with-dsym";
				ENABLE_NS_ASSERTIONS = NO;
				ENABLE_STRICT_OBJC_MSGSEND = YES;
				GCC_C_LANGUAGE_STANDARD = gnu11;
				GCC_NO_COMMON_BLOCKS = YES;
				GCC_WARN_64_TO_32_BIT_CONVERSION = YES;
				GCC_WARN_ABOUT_RETURN_TYPE = YES_ERROR;
				GCC_WARN_UNDECLARED_SELECTOR = YES;
				GCC_WARN_UNINITIALIZED_AUTOS = YES_AGGRESSIVE;
				GCC_WARN_UNUSED_FUNCTION = YES;
				GCC_WARN_UNUSED_VARIABLE = YES;
				IPHONEOS_DEPLOYMENT_TARGET = 9.0;
				MTL_ENABLE_DEBUG_INFO = NO;
				MTL_FAST_MATH = YES;
				SDKROOT = iphoneos;
				SWIFT_COMPILATION_MODE = wholemodule;
				SWIFT_OPTIMIZATION_LEVEL = "-O";
				VALIDATE_PRODUCT = YES;
				VERSIONING_SYSTEM = "apple-generic";
				VERSION_INFO_PREFIX = "";
			};
			name = Release;
		};
		565CBDCD238BEE2B00CF0A3A /* Debug */ = {
			isa = XCBuildConfiguration;
			buildSettings = {
				CLANG_ENABLE_MODULES = YES;
				CODE_SIGN_STYLE = Automatic;
				DEFINES_MODULE = YES;
				DYLIB_COMPATIBILITY_VERSION = 1;
				DYLIB_CURRENT_VERSION = 1;
				DYLIB_INSTALL_NAME_BASE = "@rpath";
				INFOPLIST_FILE = NIOSSL/Info.plist;
				INSTALL_PATH = "$(LOCAL_LIBRARY_DIR)/Frameworks";
				IPHONEOS_DEPLOYMENT_TARGET = 9.0;
				LD_RUNPATH_SEARCH_PATHS = (
					"$(inherited)",
					"@executable_path/Frameworks",
					"@loader_path/Frameworks",
				);
				PRODUCT_BUNDLE_IDENTIFIER = lojii.NIOSSL;
				PRODUCT_NAME = "$(TARGET_NAME:c99extidentifier)";
				SKIP_INSTALL = YES;
				SWIFT_OPTIMIZATION_LEVEL = "-Onone";
				SWIFT_VERSION = 5.0;
				TARGETED_DEVICE_FAMILY = "1,2";
			};
			name = Debug;
		};
		565CBDCE238BEE2B00CF0A3A /* Release */ = {
			isa = XCBuildConfiguration;
			buildSettings = {
				CLANG_ENABLE_MODULES = YES;
				CODE_SIGN_STYLE = Automatic;
				DEFINES_MODULE = YES;
				DYLIB_COMPATIBILITY_VERSION = 1;
				DYLIB_CURRENT_VERSION = 1;
				DYLIB_INSTALL_NAME_BASE = "@rpath";
				INFOPLIST_FILE = NIOSSL/Info.plist;
				INSTALL_PATH = "$(LOCAL_LIBRARY_DIR)/Frameworks";
				IPHONEOS_DEPLOYMENT_TARGET = 9.0;
				LD_RUNPATH_SEARCH_PATHS = (
					"$(inherited)",
					"@executable_path/Frameworks",
					"@loader_path/Frameworks",
				);
				PRODUCT_BUNDLE_IDENTIFIER = lojii.NIOSSL;
				PRODUCT_NAME = "$(TARGET_NAME:c99extidentifier)";
				SKIP_INSTALL = YES;
				SWIFT_VERSION = 5.0;
				TARGETED_DEVICE_FAMILY = "1,2";
			};
			name = Release;
		};
/* End XCBuildConfiguration section */

/* Begin XCConfigurationList section */
		565CBDBE238BEE2B00CF0A3A /* Build configuration list for PBXProject "NIOSSL" */ = {
			isa = XCConfigurationList;
			buildConfigurations = (
				565CBDCA238BEE2B00CF0A3A /* Debug */,
				565CBDCB238BEE2B00CF0A3A /* Release */,
			);
			defaultConfigurationIsVisible = 0;
			defaultConfigurationName = Release;
		};
		565CBDCC238BEE2B00CF0A3A /* Build configuration list for PBXNativeTarget "NIOSSL" */ = {
			isa = XCConfigurationList;
			buildConfigurations = (
				565CBDCD238BEE2B00CF0A3A /* Debug */,
				565CBDCE238BEE2B00CF0A3A /* Release */,
			);
			defaultConfigurationIsVisible = 0;
			defaultConfigurationName = Release;
		};
/* End XCConfigurationList section */
	};
	rootObject = 565CBDBB238BEE2B00CF0A3A /* Project object */;
}
